
Microsoft Visual Studio Solution File, Format Version 12.00
# Visual Studio Version 16
VisualStudioVersion = 16.0.31005.135
MinimumVisualStudioVersion = 10.0.40219.1
Project("{FAE04EC0-301F-11D3-BF4B-00C04F79EFBC}") = "WPF_Kodbol", "WPF_Kodbol.csproj", "{A3009DF1-AC32-4F57-BD8F-E518BE04147B}"
EndProject
Global
	GlobalSection(SolutionConfigurationPlatforms) = preSolution
		Debug|Any CPU = Debug|Any CPU
		Release|Any CPU = Release|Any CPU
	EndGlobalSection
	GlobalSection(ProjectConfigurationPlatforms) = postSolution
		{A3009DF1-AC32-4F57-BD8F-E518BE04147B}.Debug|Any CPU.ActiveCfg = Debug|Any CPU
		{A3009DF1-AC32-4F57-BD8F-E518BE04147B}.Debug|Any CPU.Build.0 = Debug|Any CPU
		{A3009DF1-AC32-4F57-BD8F-E518BE04147B}.Release|Any CPU.ActiveCfg = Release|Any CPU
		{A3009DF1-AC32-4F57-BD8F-E518BE04147B}.Release|Any CPU.Build.0 = Release|Any CPU
	EndGlobalSection
	GlobalSection(SolutionProperties) = preSolution
		HideSolutionNode = FALSE
	EndGlobalSection
	GlobalSection(ExtensibilityGlobals) = postSolution
		SolutionGuid = {FD52653A-6854-4E79-9C24-A816A6801CC5}
	EndGlobalSection
EndGlobal
